
Microsoft Visual Studio Solution File, Format Version 12.00
# Visual Studio Version 17
VisualStudioVersion = 17.2.32526.322
MinimumVisualStudioVersion = 10.0.40219.1
Project("{FAE04EC0-301F-11D3-BF4B-00C04F79EFBC}") = "Ya ne znay kak nazvat", "Ya ne znay kak nazvat\Ya ne znay kak nazvat.csproj", "{5A6AF146-C8D3-41BC-90C7-1BF0081FCE42}"
EndProject
Global
	GlobalSection(SolutionConfigurationPlatforms) = preSolution
		Debug|Any CPU = Debug|Any CPU
		Release|Any CPU = Release|Any CPU
	EndGlobalSection
	GlobalSection(ProjectConfigurationPlatforms) = postSolution
		{5A6AF146-C8D3-41BC-90C7-1BF0081FCE42}.Debug|Any CPU.ActiveCfg = Debug|Any CPU
		{5A6AF146-C8D3-41BC-90C7-1BF0081FCE42}.Debug|Any CPU.Build.0 = Debug|Any CPU
		{5A6AF146-C8D3-41BC-90C7-1BF0081FCE42}.Release|Any CPU.ActiveCfg = Release|Any CPU
		{5A6AF146-C8D3-41BC-90C7-1BF0081FCE42}.Release|Any CPU.Build.0 = Release|Any CPU
	EndGlobalSection
	GlobalSection(SolutionProperties) = preSolution
		HideSolutionNode = FALSE
	EndGlobalSection
	GlobalSection(ExtensibilityGlobals) = postSolution
		SolutionGuid = {AB0F906F-CE51-49C7-AE0A-E388586647AA}
	EndGlobalSection
EndGlobal
